
Microsoft Visual Studio Solution File, Format Version 12.00
# Visual Studio Version 16
VisualStudioVersion = 16.0.30114.105
MinimumVisualStudioVersion = 10.0.40219.1
Project("{FAE04EC0-301F-11D3-BF4B-00C04F79EFBC}") = "API", "API\API.csproj", "{0F0A4989-CDAC-482F-8170-874B6C02C39A}"
EndProject
Project("{FAE04EC0-301F-11D3-BF4B-00C04F79EFBC}") = "Application", "Application\Application.csproj", "{F5E60F5E-FDE3-420E-9E01-BCF69985CC65}"
EndProject
Project("{FAE04EC0-301F-11D3-BF4B-00C04F79EFBC}") = "Persistence", "Persistence\Persistence.csproj", "{942B73FE-BBF7-451E-8725-BB04890BF3B5}"
EndProject
Project("{FAE04EC0-301F-11D3-BF4B-00C04F79EFBC}") = "Domain", "Domain\Domain.csproj", "{FA2B9E95-3FDF-4D6C-8568-925A305D09DB}"
EndProject
Global
	GlobalSection(SolutionConfigurationPlatforms) = preSolution
		Debug|Any CPU = Debug|Any CPU
		Debug|x64 = Debug|x64
		Debug|x86 = Debug|x86
		Release|Any CPU = Release|Any CPU
		Release|x64 = Release|x64
		Release|x86 = Release|x86
	EndGlobalSection
	GlobalSection(SolutionProperties) = preSolution
		HideSolutionNode = FALSE
	EndGlobalSection
	GlobalSection(ProjectConfigurationPlatforms) = postSolution
		{0F0A4989-CDAC-482F-8170-874B6C02C39A}.Debug|Any CPU.ActiveCfg = Debug|Any CPU
		{0F0A4989-CDAC-482F-8170-874B6C02C39A}.Debug|Any CPU.Build.0 = Debug|Any CPU
		{0F0A4989-CDAC-482F-8170-874B6C02C39A}.Debug|x64.ActiveCfg = Debug|Any CPU
		{0F0A4989-CDAC-482F-8170-874B6C02C39A}.Debug|x64.Build.0 = Debug|Any CPU
		{0F0A4989-CDAC-482F-8170-874B6C02C39A}.Debug|x86.ActiveCfg = Debug|Any CPU
		{0F0A4989-CDAC-482F-8170-874B6C02C39A}.Debug|x86.Build.0 = Debug|Any CPU
		{0F0A4989-CDAC-482F-8170-874B6C02C39A}.Release|Any CPU.ActiveCfg = Release|Any CPU
		{0F0A4989-CDAC-482F-8170-874B6C02C39A}.Release|Any CPU.Build.0 = Release|Any CPU
		{0F0A4989-CDAC-482F-8170-874B6C02C39A}.Release|x64.ActiveCfg = Release|Any CPU
		{0F0A4989-CDAC-482F-8170-874B6C02C39A}.Release|x64.Build.0 = Release|Any CPU
		{0F0A4989-CDAC-482F-8170-874B6C02C39A}.Release|x86.ActiveCfg = Release|Any CPU
		{0F0A4989-CDAC-482F-8170-874B6C02C39A}.Release|x86.Build.0 = Release|Any CPU
		{F5E60F5E-FDE3-420E-9E01-BCF69985CC65}.Debug|Any CPU.ActiveCfg = Debug|Any CPU
		{F5E60F5E-FDE3-420E-9E01-BCF69985CC65}.Debug|Any CPU.Build.0 = Debug|Any CPU
		{F5E60F5E-FDE3-420E-9E01-BCF69985CC65}.Debug|x64.ActiveCfg = Debug|Any CPU
		{F5E60F5E-FDE3-420E-9E01-BCF69985CC65}.Debug|x64.Build.0 = Debug|Any CPU
		{F5E60F5E-FDE3-420E-9E01-BCF69985CC65}.Debug|x86.ActiveCfg = Debug|Any CPU
		{F5E60F5E-FDE3-420E-9E01-BCF69985CC65}.Debug|x86.Build.0 = Debug|Any CPU
		{F5E60F5E-FDE3-420E-9E01-BCF69985CC65}.Release|Any CPU.ActiveCfg = Release|Any CPU
		{F5E60F5E-FDE3-420E-9E01-BCF69985CC65}.Release|Any CPU.Build.0 = Release|Any CPU
		{F5E60F5E-FDE3-420E-9E01-BCF69985CC65}.Release|x64.ActiveCfg = Release|Any CPU
		{F5E60F5E-FDE3-420E-9E01-BCF69985CC65}.Release|x64.Build.0 = Release|Any CPU
		{F5E60F5E-FDE3-420E-9E01-BCF69985CC65}.Release|x86.ActiveCfg = Release|Any CPU
		{F5E60F5E-FDE3-420E-9E01-BCF69985CC65}.Release|x86.Build.0 = Release|Any CPU
		{942B73FE-BBF7-451E-8725-BB04890BF3B5}.Debug|Any CPU.ActiveCfg = Debug|Any CPU
		{942B73FE-BBF7-451E-8725-BB04890BF3B5}.Debug|Any CPU.Build.0 = Debug|Any CPU
		{942B73FE-BBF7-451E-8725-BB04890BF3B5}.Debug|x64.ActiveCfg = Debug|Any CPU
		{942B73FE-BBF7-451E-8725-BB04890BF3B5}.Debug|x64.Build.0 = Debug|Any CPU
		{942B73FE-BBF7-451E-8725-BB04890BF3B5}.Debug|x86.ActiveCfg = Debug|Any CPU
		{942B73FE-BBF7-451E-8725-BB04890BF3B5}.Debug|x86.Build.0 = Debug|Any CPU
		{942B73FE-BBF7-451E-8725-BB04890BF3B5}.Release|Any CPU.ActiveCfg = Release|Any CPU
		{942B73FE-BBF7-451E-8725-BB04890BF3B5}.Release|Any CPU.Build.0 = Release|Any CPU
		{942B73FE-BBF7-451E-8725-BB04890BF3B5}.Release|x64.ActiveCfg = Release|Any CPU
		{942B73FE-BBF7-451E-8725-BB04890BF3B5}.Release|x64.Build.0 = Release|Any CPU
		{942B73FE-BBF7-451E-8725-BB04890BF3B5}.Release|x86.ActiveCfg = Release|Any CPU
		{942B73FE-BBF7-451E-8725-BB04890BF3B5}.Release|x86.Build.0 = Release|Any CPU
		{FA2B9E95-3FDF-4D6C-8568-925A305D09DB}.Debug|Any CPU.ActiveCfg = Debug|Any CPU
		{FA2B9E95-3FDF-4D6C-8568-925A305D09DB}.Debug|Any CPU.Build.0 = Debug|Any CPU
		{FA2B9E95-3FDF-4D6C-8568-925A305D09DB}.Debug|x64.ActiveCfg = Debug|Any CPU
		{FA2B9E95-3FDF-4D6C-8568-925A305D09DB}.Debug|x64.Build.0 = Debug|Any CPU
		{FA2B9E95-3FDF-4D6C-8568-925A305D09DB}.Debug|x86.ActiveCfg = Debug|Any CPU
		{FA2B9E95-3FDF-4D6C-8568-925A305D09DB}.Debug|x86.Build.0 = Debug|Any CPU
		{FA2B9E95-3FDF-4D6C-8568-925A305D09DB}.Release|Any CPU.ActiveCfg = Release|Any CPU
		{FA2B9E95-3FDF-4D6C-8568-925A305D09DB}.Release|Any CPU.Build.0 = Release|Any CPU
		{FA2B9E95-3FDF-4D6C-8568-925A305D09DB}.Release|x64.ActiveCfg = Release|Any CPU
		{FA2B9E95-3FDF-4D6C-8568-925A305D09DB}.Release|x64.Build.0 = Release|Any CPU
		{FA2B9E95-3FDF-4D6C-8568-925A305D09DB}.Release|x86.ActiveCfg = Release|Any CPU
		{FA2B9E95-3FDF-4D6C-8568-925A305D09DB}.Release|x86.Build.0 = Release|Any CPU
	EndGlobalSection
EndGlobal
